{
  "name": "mokoProject",
  "lockfileVersion": 3,
  "requires": true,
  "packages": {
    "": {
      "dependencies": {
        "@csstools/normalize.css": "^12.1.1"
      }
    },
    "node_modules/@csstools/normalize.css": {
      "version": "12.1.1",
      "resolved": "https://registry.npmjs.org/@csstools/normalize.css/-/normalize.css-12.1.1.tgz",
      "integrity": "sha512-YAYeJ+Xqh7fUou1d1j9XHl44BmsuThiTr4iNrgCQ3J27IbhXsxXDGZ1cXv8Qvs99d4rBbLiSKy3+WZiet32PcQ=="
    }
  }
}
